github.com/frankban/quicktest v1.0.0/go.mod h1:R98jIehRai+d1/3Hv2//jOVCTJhW1VBavT6B6CuGq2k=
github.com/frankban/quicktest v1.1.0/go.mod h1:R98jIehRai+d1/3Hv2//jOVCTJhW1VBavT6B6CuGq2k=
github.com/frankban/quicktest v1.2.2/go.mod h1:Qh/WofXFeiAFII1aEBu529AtJo6Zg2VHscnEsbBnJ20=
github.com/frankban/quicktest v1.5.0 h1:Tb4jWdSpdjKzTUicPnY61PZxKbDoGa7ABbrReT3gQVY=
github.com/frankban/quicktest v1.5.0/go.mod h1:jaStnuzAqU1AJdCO0l53JDCJrVDKcS03DbaAcR7Ks/o=
github.com/golang/protobuf v1.0.0 h1:lsek0oXi8iFE9L+EXARyHIjU5rlWIhhTkjDz3vHhWWQ=
github.com/golang/protobuf v1.0.0/go.mod h1:6lQm79b+lXiMfvg/cZm0SGofjICqVBUtrP5yJMmIC1U=
github.com/google/go-cmp v0.2.0/go.mod h1:oXzfMopK8JAjlY9xF4vHSVASa0yLyX7SntLO5aqRK0M=
github.com/google/go-cmp v0.2.1-0.20190312032427-6f77996f0c42/go.mod h1:8QqcDgzrUqlUb/G2PQTWiueGozuR1884gddMywk6iLU=
github.com/google/go-cmp v0.3.1 h1:Xye71clBPdm5HgqGwUkwhbynsUJZhDbS20FvLhQ2izg=
github.com/google/go-cmp v0.3.1/go.mod h1:8QqcDgzrUqlUb/G2PQTWiueGozuR1884gddMywk6iLU=
github.com/juju/clock v0.0.0-20190205081909-9c5c9712527c h1:3UvYABOQRhJAApj9MdCN+Ydv841ETSoy6xLzdmmr/9A=
github.com/juju/clock v0.0.0-20190205081909-9c5c9712527c/go.mod h1:nD0vlnrUjcjJhqN5WuCWZyzfd5AHZAC9/ajvbSx69xA=
github.com/juju/errors v0.0.0-20170703010042-c7d06af17c68 h1:d2hBkTvi7B89+OXY8+bBBshPlc+7JYacGrG/dFak8SQ=
github.com/juju/errors v0.0.0-20170703010042-c7d06af17c68/go.mod h1:W54LbzXuIE0boCoNJfwqpmkKJ1O4TCTZMetAt6jGk7Q=
github.com/juju/loggo v0.0.0-20170605014607-8232ab8918d9 h1:Y+lzErDTURqeXqlqYi4YBYbDd7ycU74gW1ADt57/bgY=
github.com/juju/loggo v0.0.0-20170605014607-8232ab8918d9/go.mod h1:vgyd7OREkbtVEN/8IXZe5Ooef3LQePvuBm9UWj6ZL8U=
github.com/juju/qthttptest v0.0.1 h1:pR8nTl6Uo/iI6/ynQf5Cxy9FEICXzaa83NtrBdGMCVQ=
github.com/juju/qthttptest v0.0.1/go.mod h1://LCf/Ls22/rPw2u1yWukUJvYtfPY4nYpWUl2uZhryo=
github.com/juju/retry v0.0.0-20180821225755-9058e192b216 h1:/eQL7EJQKFHByJe3DeE8Z36yqManj9UY5zppDoQi4FU=
github.com/juju/retry v0.0.0-20180821225755-9058e192b216/go.mod h1:OohPQGsr4pnxwD5YljhQ+TZnuVRYpa5irjugL1Yuif4=
github.com/juju/schema v1.0.0/go.mod h1:Y+ThzXpUJ0E7NYYocAbuvJ7vTivXfrof/IfRPq/0abI=
github.com/juju/schema v1.0.1-0.20190814234152-1f8aaeef0989 h1:qx1Zh1bnHHVIMmRxq0fehYk7npCG50GhUwEkYeUg/t4=
github.com/juju/schema v1.0.1-0.20190814234152-1f8aaeef0989/go.mod h1:Y+ThzXpUJ0E7NYYocAbuvJ7vTivXfrof/IfRPq/0abI=
github.com/juju/testing v0.0.0-20191001232224-ce9dec17d28b h1:Rrp0ByJXEjhREMPGTt3aWYjoIsUGCbt21ekbeJcTWv0=
github.com/juju/testing v0.0.0-20191001232224-ce9dec17d28b/go.mod h1:63prj8cnj0tU0S9OHjGJn+b1h0ZghCndfnbQolrYTwA=
github.com/juju/usso v1.0.0 h1:MbfR22JhdNCNba6GYVxCFeYhRpfhNGybtg53xo6RtFw=
github.com/juju/usso v1.0.0/go.mod h1:Jz50yxHsMM0TY214vF0gnpye2yb31+fRLrcFQL2ge6c=
github.com/juju/utils v0.0.0-20180820210520-bf9cc5bdd62d h1:irPlN9z5VCe6BTsqVsxheCZH99OFSmqSVyTigW4mEoY=
github.com/juju/utils v0.0.0-20180820210520-bf9cc5bdd62d/go.mod h1:6/KLg8Wz/y2KVGWEpkK9vMNGkOnu4k/cqs8Z1fKjTOk=
github.com/juju/version v0.0.0-20161031051906-1f41e27e54f2 h1:loQDi5MyxxNm7Q42mBGuPD6X+F6zw8j5S9yexLgn/BE=
github.com/juju/version v0.0.0-20161031051906-1f41e27e54f2/go.mod h1:kE8gK5X0CImdr7qpSKl3xB2PmpySSmfj7zVbkZFs81U=
github.com/juju/webbrowser v0.0.0-20160309143629-54b8c57083b4 h1:go1FDIXkFL8AUWgJ7B68rtFWCidyrMfZH9x3xwFK74s=
github.com/juju/webbrowser v0.0.0-20160309143629-54b8c57083b4/go.mod h1:G6PCelgkM6cuvyD10iYJsjLBsSadVXtJ+nBxFAxE2BU=
github.com/julienschmidt/httprouter v1.2.0/go.mod h1:SYymIcj16QtmaHHD7aYtjjsJG7VTCxuUUipMqKk8s4w=
github.com/julienschmidt/httprouter v1.3.0 h1:U0609e9tgbseu3rBINet9P48AI/D3oJs4dN7jwJOQ1U=
github.com/julienschmidt/httprouter v1.3.0/go.mod h1:JR6WtHb+2LUe8TCKY3cZOxFyyO8IZAc4RVcycCCAKdM=
github.com/kr/pretty v0.1.0 h1:L/CwN0zerZDmRFUapSPitk6f+Q3+0za1rQkzVuMiMFI=
github.com/kr/pretty v0.1.0/go.mod h1:dAy3ld7l9f0ibDNOQOHHMYYIIbhfbHSm3C4ZsoJORNo=
github.com/kr/pty v1.1.1/go.mod h1:pFQYn66WHrOpPYNljwOMqo10TkYh1fy3cYio2l3bCsQ=
github.com/kr/text v0.1.0 h1:45sCR5RtlFHMR4UwH9sdQ5TC8v0qDQCHnXt+kaKSTVE=
github.com/kr/text v0.1.0/go.mod h1:4Jbv+DJW3UT/LiOwJeYQe1efqtUx/iVham/4vfdArNI=
github.com/rogpeppe/fastuuid v0.0.0-20150106093220-6724a57986af h1:gu+uRPtBe88sKxUCEXRoeCvVG90TJmwhiqRpvdhQFng=
github.com/rogpeppe/fastuuid v0.0.0-20150106093220-6724a57986af/go.mod h1:XWv6SoW27p1b0cqNHllgS5HIMJraePCO15w5zCzIWYg=
github.com/yohcop/openid-go v0.0.0-20170901155220-cfc72ed89575/go.mod h1:f6elajwZV+xceiaqgRL090YzLEDGSbqr3poGL3ZgXYo=
golang.org/x/crypto v0.0.0-20180723164146-c126467f60eb/go.mod h1:6SG95UA2DQfeDnfUPMdvaQW0Q7yPrPDi9nlGo2tz2b4=
golang.org/x/crypto v0.0.0-20190208162236-193df9c0f06f/go.mod h1:6SG95UA2DQfeDnfUPMdvaQW0Q7yPrPDi9nlGo2tz2b4=
golang.org/x/crypto v0.0.0-20190308221718-c2843e01d9a2/go.mod h1:djNgcEr1/C05ACkg1iLfiJU5Ep61QUkGW8qpdssI0+w=
golang.org/x/crypto v0.0.0-20190404164418-38d8ce5564a5 h1:bselrhR0Or1vomJZC8ZIjWtbDmn9OYFLX5Ik9alpJpE=
golang.org/x/crypto v0.0.0-20190404164418-38d8ce5564a5/go.mod h1:WFFai1msRO1wXaEeE5yQxYXgSfI8pQAWXbQop6sCtWE=
golang.org/x/net v0.0.0-20150829230318-ea47fc708ee3/go.mod h1:mL1N/T3taQHkDXs73rZJwtUhF3w3ftmwwsq0BUmARs4=
golang.org/x/net v0.0.0-20190206173232-65e2d4e15006 h1:bfLnR+k0tq5Lqt6dflRLcZiz6UaXCMt3vhYJ1l4FQ80=
golang.org/x/net v0.0.0-20190206173232-65e2d4e15006/go.mod h1:mL1N/T3taQHkDXs73rZJwtUhF3w3ftmwwsq0BUmARs4=
golang.org/x/net v0.0.0-20191002035440-2ec189313ef0 h1:2mqDk8w/o6UmeUCu5Qiq2y7iMf6anbx+YA8d1JFoFrs=
golang.org/x/net v0.0.0-20191002035440-2ec189313ef0/go.mod h1:z5CRVTTTmAJ677TzLLGU+0bjPO0LkuOLi4/5GtJWs/s=
golang.org/x/sync v0.0.0-20180314180146-1d60e4601c6f h1:wMNYb4v58l5UBM7MYRLPG6ZhfOqbKu7X5eyFl8ZhKvA=
golang.org/x/sync v0.0.0-20180314180146-1d60e4601c6f/go.mod h1:RxMgew5VJxzue5/jJTE5uejpjVlOe/izrB70Jof72aM=
golang.org/x/sys v0.0.0-20190215142949-d0b11bdaac8a/go.mod h1:STP8DvDyc/dI5b8T5hshtkjS+E42TnysNCUPdjciGhY=
golang.org/x/sys v0.0.0-20190403152447-81d4e9dc473e h1:nFYrTHrdrAOpShe27kaFHjsqYSEQ0KWqdWLu3xuZJts=
golang.org/x/sys v0.0.0-20190403152447-81d4e9dc473e/go.mod h1:h1NjWce9XRLGQEsW7wpKNCjG9DtNlClVuFLEZdDNbEs=
golang.org/x/text v0.3.0/go.mod h1:NqM8EUOU14njkJ3fqMW+pc6Ldnwhi/IjpwHt7yyuwOQ=
golang.org/x/tools v0.0.0-20181008205924-a2b3f7f249e9/go.mod h1:n7NCudcB/nEzxVGmLbDWY5pfWTLqBcC2KZ6jyYvM4mQ=
gopkg.in/check.v1 v0.0.0-20161208181325-20d25e280405/go.mod h1:Co6ibVJAznAaIkqp8huTwlJQCZ016jof/cbN4VW5Yz0=
gopkg.in/check.v1 v1.0.0-20180628173108-788fd7840127 h1:qIbj1fsPNlZgppZ+VLlY7N33q108Sa+fhmuc+sWQYwY=
gopkg.in/check.v1 v1.0.0-20180628173108-788fd7840127/go.mod h1:Co6ibVJAznAaIkqp8huTwlJQCZ016jof/cbN4VW5Yz0=
gopkg.in/errgo.v1 v1.0.0 h1:n+7XfCyygBFb8sEjg6692xjC6Us50TFRO54+xYUEwjE=
gopkg.in/errgo.v1 v1.0.0/go.mod h1:CxwszS/Xz1C49Ucd2i6Zil5UToP1EmyrFhKaMVbg1mk=
gopkg.in/httprequest.v1 v1.2.0 h1:YTGV1oXzaoKI6oPzQ0knoIPcrrVzeRG3amkoxoP7Xng=
gopkg.in/httprequest.v1 v1.2.0/go.mod h1:T61ZUaJLpMnzvoJDO03ZD8yRXD4nZzBeDoW5e9sffjg=
gopkg.in/juju/environschema.v1 v1.0.0 h1:51vT1bzbP9fntQ0I9ECSlku2p19Szj/N2beZFeIH2kM=
gopkg.in/juju/environschema.v1 v1.0.0/go.mod h1:WTgU3KXKCVoO9bMmG/4KHzoaRvLeoxfjArpgd1MGWFA=
gopkg.in/macaroon-bakery.v2 v2.1.0 h1:9Jw/+9XHBSutkaeVpWhDx38IcSNLJwWUICkOK98DHls=
gopkg.in/macaroon-bakery.v2 v2.1.0/go.mod h1:B4/T17l+ZWGwxFSZQmlBwp25x+og7OkhETfr3S9MbIA=
gopkg.in/macaroon.v2 v2.1.0 h1:HZcsjBCzq9t0eBPMKqTN/uSN6JOm78ZJ2INbqcBQOUI=
gopkg.in/macaroon.v2 v2.1.0/go.mod h1:OUb+TQP/OP0WOerC2Jp/3CwhIKyIa9kQjuc7H24e6/o=
gopkg.in/mgo.v2 v2.0.0-20180705113604-9856a29383ce h1:xcEWjVhvbDy+nHP67nPDDpbYrY+ILlfndk4bRioVHaU=
gopkg.in/mgo.v2 v2.0.0-20180705113604-9856a29383ce/go.mod h1:yeKp02qBN3iKW1OzL3MGk2IdtZzaj7SFntXj72NppTA=
gopkg.in/yaml.v2 v2.2.1/go.mod h1:hI93XBmqTisBFMUTm0b8Fm+jr3Dg1NNxqwp+5A1VGuI=
gopkg.in/yaml.v2 v2.2.2 h1:ZCJp+EgiOT7lHqUV2J862kp8Qj64Jo6az82+3Td9dZw=
gopkg.in/yaml.v2 v2.2.2/go.mod h1:hI93XBmqTisBFMUTm0b8Fm+jr3Dg1NNxqwp+5A1VGuI=
